
Microsoft Visual Studio Solution File, Format Version 12.00
# Visual Studio Version 17
VisualStudioVersion = 17.8.34322.80
MinimumVisualStudioVersion = 10.0.40219.1
Project("{FAE04EC0-301F-11D3-BF4B-00C04F79EFBC}") = "DuplexStreaming", "DuplexStreaming.csproj", "{7413AEA2-A54B-421A-83AA-5774899872F8}"
EndProject
Project("{FAE04EC0-301F-11D3-BF4B-00C04F79EFBC}") = "DuplexStreamingClient", "..\DuplexStreamingClient\DuplexStreamingClient.csproj", "{9CCCD512-6B02-4E4B-901B-80947E9AE090}"
EndProject
Global
	GlobalSection(SolutionConfigurationPlatforms) = preSolution
		Debug|Any CPU = Debug|Any CPU
		Release|Any CPU = Release|Any CPU
	EndGlobalSection
	GlobalSection(ProjectConfigurationPlatforms) = postSolution
		{7413AEA2-A54B-421A-83AA-5774899872F8}.Debug|Any CPU.ActiveCfg = Debug|Any CPU
		{7413AEA2-A54B-421A-83AA-5774899872F8}.Debug|Any CPU.Build.0 = Debug|Any CPU
		{7413AEA2-A54B-421A-83AA-5774899872F8}.Release|Any CPU.ActiveCfg = Release|Any CPU
		{7413AEA2-A54B-421A-83AA-5774899872F8}.Release|Any CPU.Build.0 = Release|Any CPU
		{9CCCD512-6B02-4E4B-901B-80947E9AE090}.Debug|Any CPU.ActiveCfg = Debug|Any CPU
		{9CCCD512-6B02-4E4B-901B-80947E9AE090}.Debug|Any CPU.Build.0 = Debug|Any CPU
		{9CCCD512-6B02-4E4B-901B-80947E9AE090}.Release|Any CPU.ActiveCfg = Release|Any CPU
		{9CCCD512-6B02-4E4B-901B-80947E9AE090}.Release|Any CPU.Build.0 = Release|Any CPU
	EndGlobalSection
	GlobalSection(SolutionProperties) = preSolution
		HideSolutionNode = FALSE
	EndGlobalSection
	GlobalSection(ExtensibilityGlobals) = postSolution
		SolutionGuid = {012D53B5-D6E6-4E26-AB5F-3FDFD34BA40B}
	EndGlobalSection
EndGlobal
