
Microsoft Visual Studio Solution File, Format Version 12.00
# Visual Studio Version 17
VisualStudioVersion = 17.8.34322.80
MinimumVisualStudioVersion = 10.0.40219.1
Project("{FAE04EC0-301F-11D3-BF4B-00C04F79EFBC}") = "GrpcUnary", "GrpcUnary.csproj", "{1FD848F8-7AD7-46AD-A419-B5D6B4DC702F}"
EndProject
Global
	GlobalSection(SolutionConfigurationPlatforms) = preSolution
		Debug|Any CPU = Debug|Any CPU
		Release|Any CPU = Release|Any CPU
	EndGlobalSection
	GlobalSection(ProjectConfigurationPlatforms) = postSolution
		{1FD848F8-7AD7-46AD-A419-B5D6B4DC702F}.Debug|Any CPU.ActiveCfg = Debug|Any CPU
		{1FD848F8-7AD7-46AD-A419-B5D6B4DC702F}.Debug|Any CPU.Build.0 = Debug|Any CPU
		{1FD848F8-7AD7-46AD-A419-B5D6B4DC702F}.Release|Any CPU.ActiveCfg = Release|Any CPU
		{1FD848F8-7AD7-46AD-A419-B5D6B4DC702F}.Release|Any CPU.Build.0 = Release|Any CPU
	EndGlobalSection
	GlobalSection(SolutionProperties) = preSolution
		HideSolutionNode = FALSE
	EndGlobalSection
	GlobalSection(ExtensibilityGlobals) = postSolution
		SolutionGuid = {652EDFD7-7ED8-4C5E-B8FB-C30A966E6587}
	EndGlobalSection
EndGlobal
